
Microsoft Visual Studio Solution File, Format Version 12.00
# Visual Studio Version 16
VisualStudioVersion = 16.0.29424.173
MinimumVisualStudioVersion = 10.0.40219.1
Project("{FAE04EC0-301F-11D3-BF4B-00C04F79EFBC}") = "BugGee.Common", "BugGee.Common\BugGee.Common.csproj", "{7374DEC2-3F19-4708-A75E-EB2C3B53493F}"
EndProject
Project("{2150E333-8FDC-42A3-9474-1A3956D46DE8}") = "Src", "Src", "{81F673D5-BD8D-48EB-9103-B4268FA3D6AD}"
EndProject
Project("{2150E333-8FDC-42A3-9474-1A3956D46DE8}") = "Core", "Core", "{C8A381C8-FA5D-4D1A-B965-DB091E09CCEF}"
EndProject
Project("{FAE04EC0-301F-11D3-BF4B-00C04F79EFBC}") = "BugGee.Application", "BugGee.Application\BugGee.Application.csproj", "{33062D02-128A-4700-86CE-C1EC4C4A053E}"
EndProject
Project("{FAE04EC0-301F-11D3-BF4B-00C04F79EFBC}") = "BugGee.Domain", "BugGee.Domain\BugGee.Domain.csproj", "{0E684F6D-1EF9-481E-8BE1-A763EB25ABA5}"
EndProject
Project("{2150E333-8FDC-42A3-9474-1A3956D46DE8}") = "Infrastructure", "Infrastructure", "{45DC4CD0-65A1-4FC8-8D32-BA86934EB382}"
EndProject
Project("{2150E333-8FDC-42A3-9474-1A3956D46DE8}") = "APIs", "APIs", "{62EEE1F4-32B3-4D8F-B54A-E4CE202E7D6A}"
EndProject
Project("{FAE04EC0-301F-11D3-BF4B-00C04F79EFBC}") = "BugGee.Infrastructure", "BugGee.Infrastructure\BugGee.Infrastructure.csproj", "{097F39C8-D96C-490D-9261-5F6FD59B9A4E}"
EndProject
Project("{FAE04EC0-301F-11D3-BF4B-00C04F79EFBC}") = "BugGee.Persistence", "BugGee.Persistence\BugGee.Persistence.csproj", "{681D0B0C-405B-4DB8-AAA1-A51301F79B23}"
EndProject
Project("{FAE04EC0-301F-11D3-BF4B-00C04F79EFBC}") = "BugGee.API", "BugGee.API\BugGee.API.csproj", "{144E8CFC-765F-4FF0-A32D-F5AB5C62548D}"
EndProject
Global
	GlobalSection(SolutionConfigurationPlatforms) = preSolution
		Debug|Any CPU = Debug|Any CPU
		Release|Any CPU = Release|Any CPU
	EndGlobalSection
	GlobalSection(ProjectConfigurationPlatforms) = postSolution
		{7374DEC2-3F19-4708-A75E-EB2C3B53493F}.Debug|Any CPU.ActiveCfg = Debug|Any CPU
		{7374DEC2-3F19-4708-A75E-EB2C3B53493F}.Debug|Any CPU.Build.0 = Debug|Any CPU
		{7374DEC2-3F19-4708-A75E-EB2C3B53493F}.Release|Any CPU.ActiveCfg = Release|Any CPU
		{7374DEC2-3F19-4708-A75E-EB2C3B53493F}.Release|Any CPU.Build.0 = Release|Any CPU
		{33062D02-128A-4700-86CE-C1EC4C4A053E}.Debug|Any CPU.ActiveCfg = Debug|Any CPU
		{33062D02-128A-4700-86CE-C1EC4C4A053E}.Debug|Any CPU.Build.0 = Debug|Any CPU
		{33062D02-128A-4700-86CE-C1EC4C4A053E}.Release|Any CPU.ActiveCfg = Release|Any CPU
		{33062D02-128A-4700-86CE-C1EC4C4A053E}.Release|Any CPU.Build.0 = Release|Any CPU
		{0E684F6D-1EF9-481E-8BE1-A763EB25ABA5}.Debug|Any CPU.ActiveCfg = Debug|Any CPU
		{0E684F6D-1EF9-481E-8BE1-A763EB25ABA5}.Debug|Any CPU.Build.0 = Debug|Any CPU
		{0E684F6D-1EF9-481E-8BE1-A763EB25ABA5}.Release|Any CPU.ActiveCfg = Release|Any CPU
		{0E684F6D-1EF9-481E-8BE1-A763EB25ABA5}.Release|Any CPU.Build.0 = Release|Any CPU
		{097F39C8-D96C-490D-9261-5F6FD59B9A4E}.Debug|Any CPU.ActiveCfg = Debug|Any CPU
		{097F39C8-D96C-490D-9261-5F6FD59B9A4E}.Debug|Any CPU.Build.0 = Debug|Any CPU
		{097F39C8-D96C-490D-9261-5F6FD59B9A4E}.Release|Any CPU.ActiveCfg = Release|Any CPU
		{097F39C8-D96C-490D-9261-5F6FD59B9A4E}.Release|Any CPU.Build.0 = Release|Any CPU
		{681D0B0C-405B-4DB8-AAA1-A51301F79B23}.Debug|Any CPU.ActiveCfg = Debug|Any CPU
		{681D0B0C-405B-4DB8-AAA1-A51301F79B23}.Debug|Any CPU.Build.0 = Debug|Any CPU
		{681D0B0C-405B-4DB8-AAA1-A51301F79B23}.Release|Any CPU.ActiveCfg = Release|Any CPU
		{681D0B0C-405B-4DB8-AAA1-A51301F79B23}.Release|Any CPU.Build.0 = Release|Any CPU
		{144E8CFC-765F-4FF0-A32D-F5AB5C62548D}.Debug|Any CPU.ActiveCfg = Debug|Any CPU
		{144E8CFC-765F-4FF0-A32D-F5AB5C62548D}.Debug|Any CPU.Build.0 = Debug|Any CPU
		{144E8CFC-765F-4FF0-A32D-F5AB5C62548D}.Release|Any CPU.ActiveCfg = Release|Any CPU
		{144E8CFC-765F-4FF0-A32D-F5AB5C62548D}.Release|Any CPU.Build.0 = Release|Any CPU
	EndGlobalSection
	GlobalSection(SolutionProperties) = preSolution
		HideSolutionNode = FALSE
	EndGlobalSection
	GlobalSection(NestedProjects) = preSolution
		{7374DEC2-3F19-4708-A75E-EB2C3B53493F} = {C8A381C8-FA5D-4D1A-B965-DB091E09CCEF}
		{C8A381C8-FA5D-4D1A-B965-DB091E09CCEF} = {81F673D5-BD8D-48EB-9103-B4268FA3D6AD}
		{33062D02-128A-4700-86CE-C1EC4C4A053E} = {C8A381C8-FA5D-4D1A-B965-DB091E09CCEF}
		{0E684F6D-1EF9-481E-8BE1-A763EB25ABA5} = {C8A381C8-FA5D-4D1A-B965-DB091E09CCEF}
		{45DC4CD0-65A1-4FC8-8D32-BA86934EB382} = {81F673D5-BD8D-48EB-9103-B4268FA3D6AD}
		{62EEE1F4-32B3-4D8F-B54A-E4CE202E7D6A} = {81F673D5-BD8D-48EB-9103-B4268FA3D6AD}
		{097F39C8-D96C-490D-9261-5F6FD59B9A4E} = {45DC4CD0-65A1-4FC8-8D32-BA86934EB382}
		{681D0B0C-405B-4DB8-AAA1-A51301F79B23} = {45DC4CD0-65A1-4FC8-8D32-BA86934EB382}
		{144E8CFC-765F-4FF0-A32D-F5AB5C62548D} = {62EEE1F4-32B3-4D8F-B54A-E4CE202E7D6A}
	EndGlobalSection
	GlobalSection(ExtensibilityGlobals) = postSolution
		SolutionGuid = {6427B6F0-53DA-462A-85FD-3DA71E3A0E3B}
	EndGlobalSection
EndGlobal
